
Microsoft Visual Studio Solution File, Format Version 12.00
# Visual Studio Version 17
VisualStudioVersion = 17.3.32804.467
MinimumVisualStudioVersion = 10.0.40219.1
Project("{8BC9CEB8-8B4A-11D0-8D11-00A0C91BC942}") = "SnakeDriver", "SnakeDriver\SnakeDriver.vcxproj", "{A2F9FE93-E2AC-48F9-B52B-8B55EA9735A0}"
	ProjectSection(ProjectDependencies) = postProject
		{B9079C4E-D613-48C4-A649-9146B29CA9E7} = {B9079C4E-D613-48C4-A649-9146B29CA9E7}
	EndProjectSection
EndProject
Project("{8BC9CEB8-8B4A-11D0-8D11-00A0C91BC942}") = "libinfinityhook", "libinfinityhook\libinfinityhook.vcxproj", "{B9079C4E-D613-48C4-A649-9146B29CA9E7}"
EndProject
Project("{8BC9CEB8-8B4A-11D0-8D11-00A0C91BC942}") = "SnakeTester", "SnakeTester\SnakeTester.vcxproj", "{02DC8E69-3A55-4920-A4B3-12F6C24DA5DA}"
EndProject
Global
	GlobalSection(SolutionConfigurationPlatforms) = preSolution
		Debug|ARM = Debug|ARM
		Debug|ARM64 = Debug|ARM64
		Debug|x64 = Debug|x64
		Debug|x86 = Debug|x86
		Release_1809|ARM = Release_1809|ARM
		Release_1809|ARM64 = Release_1809|ARM64
		Release_1809|x64 = Release_1809|x64
		Release_1809|x86 = Release_1809|x86
		Release_1903|ARM = Release_1903|ARM
		Release_1903|ARM64 = Release_1903|ARM64
		Release_1903|x64 = Release_1903|x64
		Release_1903|x86 = Release_1903|x86
		Release|ARM = Release|ARM
		Release|ARM64 = Release|ARM64
		Release|x64 = Release|x64
		Release|x86 = Release|x86
	EndGlobalSection
	GlobalSection(ProjectConfigurationPlatforms) = postSolution
		{A2F9FE93-E2AC-48F9-B52B-8B55EA9735A0}.Debug|ARM.ActiveCfg = Debug|x64
		{A2F9FE93-E2AC-48F9-B52B-8B55EA9735A0}.Debug|ARM.Build.0 = Debug|x64
		{A2F9FE93-E2AC-48F9-B52B-8B55EA9735A0}.Debug|ARM.Deploy.0 = Debug|x64
		{A2F9FE93-E2AC-48F9-B52B-8B55EA9735A0}.Debug|ARM64.ActiveCfg = Debug|ARM64
		{A2F9FE93-E2AC-48F9-B52B-8B55EA9735A0}.Debug|ARM64.Build.0 = Debug|ARM64
		{A2F9FE93-E2AC-48F9-B52B-8B55EA9735A0}.Debug|ARM64.Deploy.0 = Debug|ARM64
		{A2F9FE93-E2AC-48F9-B52B-8B55EA9735A0}.Debug|x64.ActiveCfg = Debug|x64
		{A2F9FE93-E2AC-48F9-B52B-8B55EA9735A0}.Debug|x64.Build.0 = Debug|x64
		{A2F9FE93-E2AC-48F9-B52B-8B55EA9735A0}.Debug|x64.Deploy.0 = Debug|x64
		{A2F9FE93-E2AC-48F9-B52B-8B55EA9735A0}.Debug|x86.ActiveCfg = Debug|x64
		{A2F9FE93-E2AC-48F9-B52B-8B55EA9735A0}.Debug|x86.Build.0 = Debug|x64
		{A2F9FE93-E2AC-48F9-B52B-8B55EA9735A0}.Debug|x86.Deploy.0 = Debug|x64
		{A2F9FE93-E2AC-48F9-B52B-8B55EA9735A0}.Release_1809|ARM.ActiveCfg = Release_1809|x64
		{A2F9FE93-E2AC-48F9-B52B-8B55EA9735A0}.Release_1809|ARM.Build.0 = Release_1809|x64
		{A2F9FE93-E2AC-48F9-B52B-8B55EA9735A0}.Release_1809|ARM.Deploy.0 = Release_1809|x64
		{A2F9FE93-E2AC-48F9-B52B-8B55EA9735A0}.Release_1809|ARM64.ActiveCfg = Release_1809|ARM64
		{A2F9FE93-E2AC-48F9-B52B-8B55EA9735A0}.Release_1809|ARM64.Build.0 = Release_1809|ARM64
		{A2F9FE93-E2AC-48F9-B52B-8B55EA9735A0}.Release_1809|ARM64.Deploy.0 = Release_1809|ARM64
		{A2F9FE93-E2AC-48F9-B52B-8B55EA9735A0}.Release_1809|x64.ActiveCfg = Release_1809|x64
		{A2F9FE93-E2AC-48F9-B52B-8B55EA9735A0}.Release_1809|x64.Build.0 = Release_1809|x64
		{A2F9FE93-E2AC-48F9-B52B-8B55EA9735A0}.Release_1809|x64.Deploy.0 = Release_1809|x64
		{A2F9FE93-E2AC-48F9-B52B-8B55EA9735A0}.Release_1809|x86.ActiveCfg = Release_1809|x64
		{A2F9FE93-E2AC-48F9-B52B-8B55EA9735A0}.Release_1809|x86.Build.0 = Release_1809|x64
		{A2F9FE93-E2AC-48F9-B52B-8B55EA9735A0}.Release_1809|x86.Deploy.0 = Release_1809|x64
		{A2F9FE93-E2AC-48F9-B52B-8B55EA9735A0}.Release_1903|ARM.ActiveCfg = Release_1903|x64
		{A2F9FE93-E2AC-48F9-B52B-8B55EA9735A0}.Release_1903|ARM.Build.0 = Release_1903|x64
		{A2F9FE93-E2AC-48F9-B52B-8B55EA9735A0}.Release_1903|ARM.Deploy.0 = Release_1903|x64
		{A2F9FE93-E2AC-48F9-B52B-8B55EA9735A0}.Release_1903|ARM64.ActiveCfg = Release_1903|ARM64
		{A2F9FE93-E2AC-48F9-B52B-8B55EA9735A0}.Release_1903|ARM64.Build.0 = Release_1903|ARM64
		{A2F9FE93-E2AC-48F9-B52B-8B55EA9735A0}.Release_1903|ARM64.Deploy.0 = Release_1903|ARM64
		{A2F9FE93-E2AC-48F9-B52B-8B55EA9735A0}.Release_1903|x64.ActiveCfg = Release_1903|x64
		{A2F9FE93-E2AC-48F9-B52B-8B55EA9735A0}.Release_1903|x64.Build.0 = Release_1903|x64
		{A2F9FE93-E2AC-48F9-B52B-8B55EA9735A0}.Release_1903|x64.Deploy.0 = Release_1903|x64
		{A2F9FE93-E2AC-48F9-B52B-8B55EA9735A0}.Release_1903|x86.ActiveCfg = Release_1903|x64
		{A2F9FE93-E2AC-48F9-B52B-8B55EA9735A0}.Release_1903|x86.Build.0 = Release_1903|x64
		{A2F9FE93-E2AC-48F9-B52B-8B55EA9735A0}.Release_1903|x86.Deploy.0 = Release_1903|x64
		{A2F9FE93-E2AC-48F9-B52B-8B55EA9735A0}.Release|ARM.ActiveCfg = Release|x64
		{A2F9FE93-E2AC-48F9-B52B-8B55EA9735A0}.Release|ARM.Build.0 = Release|x64
		{A2F9FE93-E2AC-48F9-B52B-8B55EA9735A0}.Release|ARM.Deploy.0 = Release|x64
		{A2F9FE93-E2AC-48F9-B52B-8B55EA9735A0}.Release|ARM64.ActiveCfg = Release|ARM64
		{A2F9FE93-E2AC-48F9-B52B-8B55EA9735A0}.Release|ARM64.Build.0 = Release|ARM64
		{A2F9FE93-E2AC-48F9-B52B-8B55EA9735A0}.Release|ARM64.Deploy.0 = Release|ARM64
		{A2F9FE93-E2AC-48F9-B52B-8B55EA9735A0}.Release|x64.ActiveCfg = Release|x64
		{A2F9FE93-E2AC-48F9-B52B-8B55EA9735A0}.Release|x64.Build.0 = Release|x64
		{A2F9FE93-E2AC-48F9-B52B-8B55EA9735A0}.Release|x64.Deploy.0 = Release|x64
		{A2F9FE93-E2AC-48F9-B52B-8B55EA9735A0}.Release|x86.ActiveCfg = Release|x64
		{A2F9FE93-E2AC-48F9-B52B-8B55EA9735A0}.Release|x86.Build.0 = Release|x64
		{A2F9FE93-E2AC-48F9-B52B-8B55EA9735A0}.Release|x86.Deploy.0 = Release|x64
		{B9079C4E-D613-48C4-A649-9146B29CA9E7}.Debug|ARM.ActiveCfg = Debug|ARM
		{B9079C4E-D613-48C4-A649-9146B29CA9E7}.Debug|ARM.Build.0 = Debug|ARM
		{B9079C4E-D613-48C4-A649-9146B29CA9E7}.Debug|ARM.Deploy.0 = Debug|ARM
		{B9079C4E-D613-48C4-A649-9146B29CA9E7}.Debug|ARM64.ActiveCfg = Debug|ARM64
		{B9079C4E-D613-48C4-A649-9146B29CA9E7}.Debug|ARM64.Build.0 = Debug|ARM64
		{B9079C4E-D613-48C4-A649-9146B29CA9E7}.Debug|ARM64.Deploy.0 = Debug|ARM64
		{B9079C4E-D613-48C4-A649-9146B29CA9E7}.Debug|x64.ActiveCfg = Debug|x64
		{B9079C4E-D613-48C4-A649-9146B29CA9E7}.Debug|x64.Build.0 = Debug|x64
		{B9079C4E-D613-48C4-A649-9146B29CA9E7}.Debug|x64.Deploy.0 = Debug|x64
		{B9079C4E-D613-48C4-A649-9146B29CA9E7}.Debug|x86.ActiveCfg = Debug|Win32
		{B9079C4E-D613-48C4-A649-9146B29CA9E7}.Debug|x86.Build.0 = Debug|Win32
		{B9079C4E-D613-48C4-A649-9146B29CA9E7}.Debug|x86.Deploy.0 = Debug|Win32
		{B9079C4E-D613-48C4-A649-9146B29CA9E7}.Release_1809|ARM.ActiveCfg = Release_1809|ARM
		{B9079C4E-D613-48C4-A649-9146B29CA9E7}.Release_1809|ARM.Build.0 = Release_1809|ARM
		{B9079C4E-D613-48C4-A649-9146B29CA9E7}.Release_1809|ARM.Deploy.0 = Release_1809|ARM
		{B9079C4E-D613-48C4-A649-9146B29CA9E7}.Release_1809|ARM64.ActiveCfg = Release_1809|ARM64
		{B9079C4E-D613-48C4-A649-9146B29CA9E7}.Release_1809|ARM64.Build.0 = Release_1809|ARM64
		{B9079C4E-D613-48C4-A649-9146B29CA9E7}.Release_1809|ARM64.Deploy.0 = Release_1809|ARM64
		{B9079C4E-D613-48C4-A649-9146B29CA9E7}.Release_1809|x64.ActiveCfg = Release_1809|x64
		{B9079C4E-D613-48C4-A649-9146B29CA9E7}.Release_1809|x64.Build.0 = Release_1809|x64
		{B9079C4E-D613-48C4-A649-9146B29CA9E7}.Release_1809|x64.Deploy.0 = Release_1809|x64
		{B9079C4E-D613-48C4-A649-9146B29CA9E7}.Release_1809|x86.ActiveCfg = Release_1809|Win32
		{B9079C4E-D613-48C4-A649-9146B29CA9E7}.Release_1809|x86.Build.0 = Release_1809|Win32
		{B9079C4E-D613-48C4-A649-9146B29CA9E7}.Release_1809|x86.Deploy.0 = Release_1809|Win32
		{B9079C4E-D613-48C4-A649-9146B29CA9E7}.Release_1903|ARM.ActiveCfg = Release_1903|ARM
		{B9079C4E-D613-48C4-A649-9146B29CA9E7}.Release_1903|ARM.Build.0 = Release_1903|ARM
		{B9079C4E-D613-48C4-A649-9146B29CA9E7}.Release_1903|ARM.Deploy.0 = Release_1903|ARM
		{B9079C4E-D613-48C4-A649-9146B29CA9E7}.Release_1903|ARM64.ActiveCfg = Release_1903|ARM64
		{B9079C4E-D613-48C4-A649-9146B29CA9E7}.Release_1903|ARM64.Build.0 = Release_1903|ARM64
		{B9079C4E-D613-48C4-A649-9146B29CA9E7}.Release_1903|ARM64.Deploy.0 = Release_1903|ARM64
		{B9079C4E-D613-48C4-A649-9146B29CA9E7}.Release_1903|x64.ActiveCfg = Release_1903|x64
		{B9079C4E-D613-48C4-A649-9146B29CA9E7}.Release_1903|x64.Build.0 = Release_1903|x64
		{B9079C4E-D613-48C4-A649-9146B29CA9E7}.Release_1903|x64.Deploy.0 = Release_1903|x64
		{B9079C4E-D613-48C4-A649-9146B29CA9E7}.Release_1903|x86.ActiveCfg = Release_1903|Win32
		{B9079C4E-D613-48C4-A649-9146B29CA9E7}.Release_1903|x86.Build.0 = Release_1903|Win32
		{B9079C4E-D613-48C4-A649-9146B29CA9E7}.Release_1903|x86.Deploy.0 = Release_1903|Win32
		{B9079C4E-D613-48C4-A649-9146B29CA9E7}.Release|ARM.ActiveCfg = Release|ARM
		{B9079C4E-D613-48C4-A649-9146B29CA9E7}.Release|ARM.Build.0 = Release|ARM
		{B9079C4E-D613-48C4-A649-9146B29CA9E7}.Release|ARM.Deploy.0 = Release|ARM
		{B9079C4E-D613-48C4-A649-9146B29CA9E7}.Release|ARM64.ActiveCfg = Release|ARM64
		{B9079C4E-D613-48C4-A649-9146B29CA9E7}.Release|ARM64.Build.0 = Release|ARM64
		{B9079C4E-D613-48C4-A649-9146B29CA9E7}.Release|ARM64.Deploy.0 = Release|ARM64
		{B9079C4E-D613-48C4-A649-9146B29CA9E7}.Release|x64.ActiveCfg = Release|x64
		{B9079C4E-D613-48C4-A649-9146B29CA9E7}.Release|x64.Build.0 = Release|x64
		{B9079C4E-D613-48C4-A649-9146B29CA9E7}.Release|x64.Deploy.0 = Release|x64
		{B9079C4E-D613-48C4-A649-9146B29CA9E7}.Release|x86.ActiveCfg = Release|Win32
		{B9079C4E-D613-48C4-A649-9146B29CA9E7}.Release|x86.Build.0 = Release|Win32
		{B9079C4E-D613-48C4-A649-9146B29CA9E7}.Release|x86.Deploy.0 = Release|Win32
		{02DC8E69-3A55-4920-A4B3-12F6C24DA5DA}.Debug|ARM.ActiveCfg = Debug|x64
		{02DC8E69-3A55-4920-A4B3-12F6C24DA5DA}.Debug|ARM.Build.0 = Debug|x64
		{02DC8E69-3A55-4920-A4B3-12F6C24DA5DA}.Debug|ARM64.ActiveCfg = Debug|x64
		{02DC8E69-3A55-4920-A4B3-12F6C24DA5DA}.Debug|ARM64.Build.0 = Debug|x64
		{02DC8E69-3A55-4920-A4B3-12F6C24DA5DA}.Debug|x64.ActiveCfg = Debug|x64
		{02DC8E69-3A55-4920-A4B3-12F6C24DA5DA}.Debug|x64.Build.0 = Debug|x64
		{02DC8E69-3A55-4920-A4B3-12F6C24DA5DA}.Debug|x86.ActiveCfg = Debug|Win32
		{02DC8E69-3A55-4920-A4B3-12F6C24DA5DA}.Debug|x86.Build.0 = Debug|Win32
		{02DC8E69-3A55-4920-A4B3-12F6C24DA5DA}.Release_1809|ARM.ActiveCfg = Release_1809|x64
		{02DC8E69-3A55-4920-A4B3-12F6C24DA5DA}.Release_1809|ARM.Build.0 = Release_1809|x64
		{02DC8E69-3A55-4920-A4B3-12F6C24DA5DA}.Release_1809|ARM64.ActiveCfg = Release_1809|x64
		{02DC8E69-3A55-4920-A4B3-12F6C24DA5DA}.Release_1809|ARM64.Build.0 = Release_1809|x64
		{02DC8E69-3A55-4920-A4B3-12F6C24DA5DA}.Release_1809|x64.ActiveCfg = Release_1809|x64
		{02DC8E69-3A55-4920-A4B3-12F6C24DA5DA}.Release_1809|x64.Build.0 = Release_1809|x64
		{02DC8E69-3A55-4920-A4B3-12F6C24DA5DA}.Release_1809|x86.ActiveCfg = Release_1809|Win32
		{02DC8E69-3A55-4920-A4B3-12F6C24DA5DA}.Release_1809|x86.Build.0 = Release_1809|Win32
		{02DC8E69-3A55-4920-A4B3-12F6C24DA5DA}.Release_1903|ARM.ActiveCfg = Release_1903|x64
		{02DC8E69-3A55-4920-A4B3-12F6C24DA5DA}.Release_1903|ARM.Build.0 = Release_1903|x64
		{02DC8E69-3A55-4920-A4B3-12F6C24DA5DA}.Release_1903|ARM64.ActiveCfg = Release_1903|x64
		{02DC8E69-3A55-4920-A4B3-12F6C24DA5DA}.Release_1903|ARM64.Build.0 = Release_1903|x64
		{02DC8E69-3A55-4920-A4B3-12F6C24DA5DA}.Release_1903|x64.ActiveCfg = Release_1903|x64
		{02DC8E69-3A55-4920-A4B3-12F6C24DA5DA}.Release_1903|x64.Build.0 = Release_1903|x64
		{02DC8E69-3A55-4920-A4B3-12F6C24DA5DA}.Release_1903|x86.ActiveCfg = Release_1903|Win32
		{02DC8E69-3A55-4920-A4B3-12F6C24DA5DA}.Release_1903|x86.Build.0 = Release_1903|Win32
		{02DC8E69-3A55-4920-A4B3-12F6C24DA5DA}.Release|ARM.ActiveCfg = Release|x64
		{02DC8E69-3A55-4920-A4B3-12F6C24DA5DA}.Release|ARM.Build.0 = Release|x64
		{02DC8E69-3A55-4920-A4B3-12F6C24DA5DA}.Release|ARM64.ActiveCfg = Release|x64
		{02DC8E69-3A55-4920-A4B3-12F6C24DA5DA}.Release|ARM64.Build.0 = Release|x64
		{02DC8E69-3A55-4920-A4B3-12F6C24DA5DA}.Release|x64.ActiveCfg = Release|x64
		{02DC8E69-3A55-4920-A4B3-12F6C24DA5DA}.Release|x64.Build.0 = Release|x64
		{02DC8E69-3A55-4920-A4B3-12F6C24DA5DA}.Release|x86.ActiveCfg = Release|Win32
		{02DC8E69-3A55-4920-A4B3-12F6C24DA5DA}.Release|x86.Build.0 = Release|Win32
	EndGlobalSection
	GlobalSection(SolutionProperties) = preSolution
		HideSolutionNode = FALSE
	EndGlobalSection
	GlobalSection(ExtensibilityGlobals) = postSolution
		SolutionGuid = {CD87D268-F09F-49EE-BD1B-4F9085B3EA5B}
	EndGlobalSection
EndGlobal
