
Microsoft Visual Studio Solution File, Format Version 12.00
# Visual Studio Version 17
VisualStudioVersion = 17.3.32929.385
MinimumVisualStudioVersion = 10.0.40219.1
Project("{9A19103F-16F7-4668-BE54-9A1E7A4F7556}") = "Microsoft.Exchange.Security.Interop.Tests", "Microsoft.Exchange.Security.Interop.Tests\Microsoft.Exchange.Security.Interop.Tests.csproj", "{4D6F2DEC-2295-4951-93DF-90DC326DDDDA}"
EndProject
Project("{9A19103F-16F7-4668-BE54-9A1E7A4F7556}") = "Microsoft.Exchange.Transport.Agent.ConnectionFiltering", "Microsoft.Exchange.Transport.Agent.ConnectionFiltering\Microsoft.Exchange.Transport.Agent.ConnectionFiltering.csproj", "{63F46C47-D316-41BB-9B90-218BFBFDB21F}"
EndProject
Global
	GlobalSection(SolutionConfigurationPlatforms) = preSolution
		Debug|Any CPU = Debug|Any CPU
		Release|Any CPU = Release|Any CPU
	EndGlobalSection
	GlobalSection(ProjectConfigurationPlatforms) = postSolution
		{4D6F2DEC-2295-4951-93DF-90DC326DDDDA}.Debug|Any CPU.ActiveCfg = Debug|Any CPU
		{4D6F2DEC-2295-4951-93DF-90DC326DDDDA}.Debug|Any CPU.Build.0 = Debug|Any CPU
		{4D6F2DEC-2295-4951-93DF-90DC326DDDDA}.Release|Any CPU.ActiveCfg = Release|Any CPU
		{4D6F2DEC-2295-4951-93DF-90DC326DDDDA}.Release|Any CPU.Build.0 = Release|Any CPU
		{63F46C47-D316-41BB-9B90-218BFBFDB21F}.Debug|Any CPU.ActiveCfg = Debug|Any CPU
		{63F46C47-D316-41BB-9B90-218BFBFDB21F}.Debug|Any CPU.Build.0 = Debug|Any CPU
		{63F46C47-D316-41BB-9B90-218BFBFDB21F}.Release|Any CPU.ActiveCfg = Release|Any CPU
		{63F46C47-D316-41BB-9B90-218BFBFDB21F}.Release|Any CPU.Build.0 = Release|Any CPU
	EndGlobalSection
	GlobalSection(SolutionProperties) = preSolution
		HideSolutionNode = FALSE
	EndGlobalSection
	GlobalSection(ExtensibilityGlobals) = postSolution
		SolutionGuid = {E5CCC2F8-BE85-49C2-B8A9-536395F79D9B}
	EndGlobalSection
EndGlobal
