<?xml version="1.0" encoding="utf-8"?>
<Project ToolsVersion="4.0" xmlns="http://schemas.microsoft.com/developer/msbuild/2003">
  <ItemGroup>
    <Filter Include="Source Files">
      <UniqueIdentifier>{4FC737F1-C7A5-4376-A066-2A32D752A2FF}</UniqueIdentifier>
      <Extensions>cpp;c;cc;cxx;def;odl;idl;hpj;bat;asm;asmx</Extensions>
    </Filter>
    <Filter Include="Header Files">
      <UniqueIdentifier>{93995380-89BD-4b04-88EB-625FBE52EBFB}</UniqueIdentifier>
      <Extensions>h;hh;hpp;hxx;hm;inl;inc;xsd</Extensions>
    </Filter>
    <Filter Include="Resource Files">
      <UniqueIdentifier>{67DA6AB6-F800-4c08-8B7A-83BB121AAD01}</UniqueIdentifier>
      <Extensions>rc;ico;cur;bmp;dlg;rc2;rct;bin;rgs;gif;jpg;jpeg;jpe;resx;tiff;tif;png;wav</Extensions>
    </Filter>
  </ItemGroup>
  <ItemGroup>
    <ClInclude Include="process_inject.h">
      <Filter>Header Files</Filter>
    </ClInclude>
    <ClInclude Include="se_token.h">
      <Filter>Header Files</Filter>
    </ClInclude>
    <ClInclude Include="file_encryption.h">
      <Filter>Header Files</Filter>
    </ClInclude>
    <ClInclude Include="mount_share_operations.h">
      <Filter>Header Files</Filter>
    </ClInclude>
    <ClInclude Include="bat_actions.h">
      <Filter>Header Files</Filter>
    </ClInclude>
  </ItemGroup>
  <ItemGroup>
    <ClCompile Include="process_inject.cc">
      <Filter>Source Files</Filter>
    </ClCompile>
    <ClCompile Include="ryuk.cc">
      <Filter>Source Files</Filter>
    </ClCompile>
    <ClCompile Include="se_token.cc">
      <Filter>Source Files</Filter>
    </ClCompile>
    <ClCompile Include="file_encryption.cc">
      <Filter>Source Files</Filter>
    </ClCompile>
    <ClCompile Include="mount_share_operations.cc">
      <Filter>Source Files</Filter>
    </ClCompile>
    <ClCompile Include="bat_actions.cc">
      <Filter>Source Files</Filter>
    </ClCompile>
  </ItemGroup>
  <ItemGroup>
    <None Include="..\README.md">
      <Filter>Resource Files</Filter>
    </None>
  </ItemGroup>
</Project>