
Microsoft Visual Studio Solution File, Format Version 12.00
# Visual Studio Version 17
VisualStudioVersion = 17.6.33829.357
MinimumVisualStudioVersion = 10.0.40219.1
Project("{FAE04EC0-301F-11D3-BF4B-00C04F79EFBC}") = "fiber", "fiber\fiber.csproj", "{9F0EEA37-51D7-48B5-9766-E2F82913950A}"
EndProject
Global
	GlobalSection(SolutionConfigurationPlatforms) = preSolution
		Debug|Any CPU = Debug|Any CPU
		Release|Any CPU = Release|Any CPU
	EndGlobalSection
	GlobalSection(ProjectConfigurationPlatforms) = postSolution
		{9F0EEA37-51D7-48B5-9766-E2F82913950A}.Debug|Any CPU.ActiveCfg = Debug|Any CPU
		{9F0EEA37-51D7-48B5-9766-E2F82913950A}.Debug|Any CPU.Build.0 = Debug|Any CPU
		{9F0EEA37-51D7-48B5-9766-E2F82913950A}.Release|Any CPU.ActiveCfg = Release|Any CPU
		{9F0EEA37-51D7-48B5-9766-E2F82913950A}.Release|Any CPU.Build.0 = Release|Any CPU
	EndGlobalSection
	GlobalSection(SolutionProperties) = preSolution
		HideSolutionNode = FALSE
	EndGlobalSection
	GlobalSection(ExtensibilityGlobals) = postSolution
		SolutionGuid = {453A7220-0582-4C12-97C7-2E49D2CFEB59}
	EndGlobalSection
EndGlobal
